{
  "name": "test oAUth",
  "lockfileVersion": 2,
  "requires": true,
  "packages": {
    "": {
      "dependencies": {
        "cors": "^2.8.5",
        "react-tsparticles": "^2.4.0",
        "tsparticles": "^2.4.0"
      }
    },
    "node_modules/cors": {
      "version": "2.8.5",
      "resolved": "https://registry.npmjs.org/cors/-/cors-2.8.5.tgz",
      "integrity": "sha512-KIHbLJqu73RGr/hnbrO9uBeixNGuvSQjul/jdFvS/KFSIH1hWVd1ng7zOHx+YrEfInLG7q4n6GHQ9cDtxv/P6g==",
      "dependencies": {
        "object-assign": "^4",
        "vary": "^1"
      },
      "engines": {
        "node": ">= 0.10"
      }
    },
    "node_modules/fast-deep-equal": {
      "version": "3.1.3",
      "resolved": "https://registry.npmjs.org/fast-deep-equal/-/fast-deep-equal-3.1.3.tgz",
      "integrity": "sha512-f3qQ9oQy9j2AhBe/H9VC91wLmKBCCU/gDOnKNAYG5hswO7BLKj09Hc5HYNz9cGI++xlpDCIgDaitVs03ATR84Q=="
    },
    "node_modules/js-tokens": {
      "version": "4.0.0",
      "resolved": "https://registry.npmjs.org/js-tokens/-/js-tokens-4.0.0.tgz",
      "integrity": "sha512-RdJUflcE3cUzKiMqQgsCu06FPu9UdIJO0beYbPhHN4k6apgJtifcoCtT9bcxOpYBtpD2kCM6Sbzg4CausW/PKQ==",
      "peer": true
    },
    "node_modules/loose-envify": {
      "version": "1.4.0",
      "resolved": "https://registry.npmjs.org/loose-envify/-/loose-envify-1.4.0.tgz",
      "integrity": "sha512-lyuxPGr/Wfhrlem2CL/UcnUc1zcqKAImBDzukY7Y5F/yQiNdko6+fRLevlw1HgMySw7f611UIY408EtxRSoK3Q==",
      "peer": true,
      "dependencies": {
        "js-tokens": "^3.0.0 || ^4.0.0"
      },
      "bin": {
        "loose-envify": "cli.js"
      }
    },
    "node_modules/object-assign": {
      "version": "4.1.1",
      "resolved": "https://registry.npmjs.org/object-assign/-/object-assign-4.1.1.tgz",
      "integrity": "sha512-rJgTQnkUnH1sFw8yT6VSU3zD3sWmu6sZhIseY8VX+GRu3P6F7Fu+JNDoXfklElbLJSnc3FUQHVe4cU5hj+BcUg==",
      "engines": {
        "node": ">=0.10.0"
      }
    },
    "node_modules/react": {
      "version": "18.2.0",
      "resolved": "https://registry.npmjs.org/react/-/react-18.2.0.tgz",
      "integrity": "sha512-/3IjMdb2L9QbBdWiW5e3P2/npwMBaU9mHCSCUzNln0ZCYbcfTsGbTJrU/kGemdH2IWmB2ioZ+zkxtmq6g09fGQ==",
      "peer": true,
      "dependencies": {
        "loose-envify": "^1.1.0"
      },
      "engines": {
        "node": ">=0.10.0"
      }
    },
    "node_modules/react-tsparticles": {
      "version": "2.4.0",
      "resolved": "https://registry.npmjs.org/react-tsparticles/-/react-tsparticles-2.4.0.tgz",
      "integrity": "sha512-gvcPmtsRsk+laGyjWAeBl3AQsEOdCzhhzYXVeM4yRpiW3eNDiOdUxDjusCsmShRNY83hzZyJtYu5P8uYc3s3iA==",
      "funding": [
        {
          "type": "github",
          "url": "https://github.com/sponsors/matteobruni"
        },
        {
          "type": "buymeacoffee",
          "url": "https://www.buymeacoffee.com/matteobruni"
        }
      ],
      "hasInstallScript": true,
      "dependencies": {
        "fast-deep-equal": "^3.1.3",
        "tsparticles-engine": "^2.4.0"
      },
      "peerDependencies": {
        "react": ">=16"
      }
    },
    "node_modules/tsparticles": {
      "version": "2.4.0",
      "resolved": "https://registry.npmjs.org/tsparticles/-/tsparticles-2.4.0.tgz",
      "integrity": "sha512-U6G31kbOvRb5jzG72oLVunmpDqbhUZLBqExeej+NUX1IXqx6GWyU2w4SQN81LKbKBCAISwLWQzWxOce0nAedfw==",
      "dependencies": {
        "tsparticles-engine": "^2.4.0",
        "tsparticles-interaction-external-trail": "^2.4.0",
        "tsparticles-plugin-absorbers": "^2.4.0",
        "tsparticles-plugin-emitters": "^2.4.0",
        "tsparticles-slim": "^2.4.0",
        "tsparticles-updater-destroy": "^2.4.0",
        "tsparticles-updater-roll": "^2.4.0",
        "tsparticles-updater-tilt": "^2.4.0",
        "tsparticles-updater-twinkle": "^2.4.0",
        "tsparticles-updater-wobble": "^2.4.0"
      },
      "funding": {
        "type": "github",
        "url": "https://github.com/sponsors/matteobruni"
      }
    },
    "node_modules/tsparticles-engine": {
      "version": "2.4.0",
      "resolved": "https://registry.npmjs.org/tsparticles-engine/-/tsparticles-engine-2.4.0.tgz",
      "integrity": "sha512-hwg52ya7PpNfKJzXezY3Pq4gzGOmDW5AQrhdLhbot1ongUhuhTQzB2oG82OpMhorPUDUY851iDOjpl16+Gnd0g==",
      "funding": [
        {
          "type": "github",
          "url": "https://github.com/sponsors/matteobruni"
        },
        {
          "type": "buymeacoffee",
          "url": "https://www.buymeacoffee.com/matteobruni"
        }
      ],
      "hasInstallScript": true
    },
    "node_modules/tsparticles-interaction-external-attract": {
      "version": "2.4.0",
      "resolved": "https://registry.npmjs.org/tsparticles-interaction-external-attract/-/tsparticles-interaction-external-attract-2.4.0.tgz",
      "integrity": "sha512-4agSVclj+1xXZR3KJqHtSEe985LvH/K5fNMnvHMWvCc0s88srICEKP1naO6ghCON7OGsL8XPo3P4f54mTlkmFA==",
      "dependencies": {
        "tsparticles-engine": "^2.4.0"
      }
    },
    "node_modules/tsparticles-interaction-external-bounce": {
      "version": "2.4.0",
      "resolved": "https://registry.npmjs.org/tsparticles-interaction-external-bounce/-/tsparticles-interaction-external-bounce-2.4.0.tgz",
      "integrity": "sha512-Bfrfww4TxENbJqSoC2V/4f01allqUz6zIpv+OTEJXbE1ZO/z5X1/ouP4uv1FxX4CoIxiHzgnZGikaYsEYf73oQ==",
      "dependencies": {
        "tsparticles-engine": "^2.4.0"
      }
    },
    "node_modules/tsparticles-interaction-external-bubble": {
      "version": "2.4.0",
      "resolved": "https://registry.npmjs.org/tsparticles-interaction-external-bubble/-/tsparticles-interaction-external-bubble-2.4.0.tgz",
      "integrity": "sha512-w8pfnuv/LkVVes8uumNfJSWXq8GACTL/77R8VM22cBGkBFxkrwM/i8zIgPZC6DkyqppVOpH8gydzbfpVYJMLFQ==",
      "dependencies": {
        "tsparticles-engine": "^2.4.0"
      }
    },
    "node_modules/tsparticles-interaction-external-connect": {
      "version": "2.4.0",
      "resolved": "https://registry.npmjs.org/tsparticles-interaction-external-connect/-/tsparticles-interaction-external-connect-2.4.0.tgz",
      "integrity": "sha512-W/JdpbFhQ7zwnnQwwtaCHPLKWjcMxvY4hteCJt1qHGFoZbj+2kbTgxyzUkrOOgG/8Iuk7zYO0zQpQILhHetvUA==",
      "dependencies": {
        "tsparticles-engine": "^2.4.0"
      }
    },
    "node_modules/tsparticles-interaction-external-grab": {
      "version": "2.4.0",
      "resolved": "https://registry.npmjs.org/tsparticles-interaction-external-grab/-/tsparticles-interaction-external-grab-2.4.0.tgz",
      "integrity": "sha512-zAy0ZLUkU3oYa77cqfkn8Jd4SJR700t6xxLbkE/yE5nY5V76BBMAmbhz0c4guCmqDTaJsHvVC8ASGqnsQbnYww==",
      "dependencies": {
        "tsparticles-engine": "^2.4.0"
      }
    },
    "node_modules/tsparticles-interaction-external-pause": {
      "version": "2.4.0",
      "resolved": "https://registry.npmjs.org/tsparticles-interaction-external-pause/-/tsparticles-interaction-external-pause-2.4.0.tgz",
      "integrity": "sha512-I/8oX58PMMi04WSNpzWjx/bN/+wSOprPZ8xdwygYwlc7QHgarTjtAdT3p1nJH7nkdXLuZDxz9/maoOUx6VatqA==",
      "dependencies": {
        "tsparticles-engine": "^2.4.0"
      }
    },
    "node_modules/tsparticles-interaction-external-push": {
      "version": "2.4.0",
      "resolved": "https://registry.npmjs.org/tsparticles-interaction-external-push/-/tsparticles-interaction-external-push-2.4.0.tgz",
      "integrity": "sha512-6bH1USJNlubbHXjg4FNwb4DNh2OP6wFzUVIQz1HAYaiDzJuFjgGbq6jfjUFbt1ryWVEdMrCLLl4cA21W+KxCKA==",
      "dependencies": {
        "tsparticles-engine": "^2.4.0"
      }
    },
    "node_modules/tsparticles-interaction-external-remove": {
      "version": "2.4.0",
      "resolved": "https://registry.npmjs.org/tsparticles-interaction-external-remove/-/tsparticles-interaction-external-remove-2.4.0.tgz",
      "integrity": "sha512-OM8xBoDArECi+XknsnWX9l9ZxRNYcO0wf1TOuKyFzwO+u03JQHyWiF/IlKSO6iF7rLQo9iYJ+4Ol0KeLlxKLfQ==",
      "dependencies": {
        "tsparticles-engine": "^2.4.0"
      }
    },
    "node_modules/tsparticles-interaction-external-repulse": {
      "version": "2.4.0",
      "resolved": "https://registry.npmjs.org/tsparticles-interaction-external-repulse/-/tsparticles-interaction-external-repulse-2.4.0.tgz",
      "integrity": "sha512-aDTGVrANdKyYcOXh7QittRLluRLwEA35yV0VluTd0jSOfJcWpaNgXlpnaLpdTPcjWrbyxpcEh7c57EjlYTA/zg==",
      "dependencies": {
        "tsparticles-engine": "^2.4.0"
      }
    },
    "node_modules/tsparticles-interaction-external-slow": {
      "version": "2.4.0",
      "resolved": "https://registry.npmjs.org/tsparticles-interaction-external-slow/-/tsparticles-interaction-external-slow-2.4.0.tgz",
      "integrity": "sha512-ucGDliOuhNOCtKGR6bY9h9FeaHZ9JzTJRME1vvtHoBTSkm75LZROtP5UzjOMA9WAvAG+6ecZvF2OIWso2yOqbg==",
      "dependencies": {
        "tsparticles-engine": "^2.4.0"
      }
    },
    "node_modules/tsparticles-interaction-external-trail": {
      "version": "2.4.0",
      "resolved": "https://registry.npmjs.org/tsparticles-interaction-external-trail/-/tsparticles-interaction-external-trail-2.4.0.tgz",
      "integrity": "sha512-I481lidi+W0HhE2Besmh0D/3A38bP89DLLiTCS6MJhRXbUvgZJcrOevlooXLnIlLC/fQPlap0CRld9DNL4Fibw==",
      "dependencies": {
        "tsparticles-engine": "^2.4.0"
      }
    },
    "node_modules/tsparticles-interaction-particles-attract": {
      "version": "2.4.0",
      "resolved": "https://registry.npmjs.org/tsparticles-interaction-particles-attract/-/tsparticles-interaction-particles-attract-2.4.0.tgz",
      "integrity": "sha512-Nih2PO2URs7zwbR5xHcGykYyBANWM/LaA5a3NKci+aYm57uGbVuzhXqlWRQACPw/B9JTQLdAdRkLjG2ryeWsRg==",
      "dependencies": {
        "tsparticles-engine": "^2.4.0"
      }
    },
    "node_modules/tsparticles-interaction-particles-collisions": {
      "version": "2.4.0",
      "resolved": "https://registry.npmjs.org/tsparticles-interaction-particles-collisions/-/tsparticles-interaction-particles-collisions-2.4.0.tgz",
      "integrity": "sha512-PkWRd1zfctdTzE7UzEvgWsjGSRpm/2tR5HMqD+TkUgvTewvSzIlQ8PwP75gunAaOSZlsN4LR9usylQnnHUuHfA==",
      "dependencies": {
        "tsparticles-engine": "^2.4.0"
      }
    },
    "node_modules/tsparticles-interaction-particles-links": {
      "version": "2.4.0",
      "resolved": "https://registry.npmjs.org/tsparticles-interaction-particles-links/-/tsparticles-interaction-particles-links-2.4.0.tgz",
      "integrity": "sha512-eNJmDHAw9gfJS2wgGnrLRIAEKr0H8kwMsKcIdju4xU6Jqneh8bXwNYB1z3WF46ak1Sd3x6chRywHoM7U4E5wnw==",
      "dependencies": {
        "tsparticles-engine": "^2.4.0"
      }
    },
    "node_modules/tsparticles-move-base": {
      "version": "2.4.0",
      "resolved": "https://registry.npmjs.org/tsparticles-move-base/-/tsparticles-move-base-2.4.0.tgz",
      "integrity": "sha512-3VWdzpvalmF2Hm1W39PIn9CkwiyHaLHhNDLECqm42iT4xvqaf7/Sc6upklyL2bSLy1N8MyNlqu7xTwoJEvXQyQ==",
      "dependencies": {
        "tsparticles-engine": "^2.4.0"
      }
    },
    "node_modules/tsparticles-move-parallax": {
      "version": "2.4.0",
      "resolved": "https://registry.npmjs.org/tsparticles-move-parallax/-/tsparticles-move-parallax-2.4.0.tgz",
      "integrity": "sha512-VJ1AvRCTf8ALlk5Xwbyg2k680pd02xfay4w1CdWGrGwqTkKAnTwiEw6WoVVb8LmmkI33Dz7VnliT8azzvqCm4Q==",
      "dependencies": {
        "tsparticles-engine": "^2.4.0"
      }
    },
    "node_modules/tsparticles-particles.js": {
      "version": "2.4.0",
      "resolved": "https://registry.npmjs.org/tsparticles-particles.js/-/tsparticles-particles.js-2.4.0.tgz",
      "integrity": "sha512-nXFY0xF0oax2aKAhsKMQs+OmhGBbwV1kR7s28WK2RDT1p6DAtK8yHkCq+K3JBSgzsehUGzAvMh8TTKjyzTyK0g==",
      "dependencies": {
        "tsparticles-engine": "^2.4.0"
      },
      "funding": {
        "type": "github",
        "url": "https://github.com/sponsors/matteobruni"
      }
    },
    "node_modules/tsparticles-plugin-absorbers": {
      "version": "2.4.0",
      "resolved": "https://registry.npmjs.org/tsparticles-plugin-absorbers/-/tsparticles-plugin-absorbers-2.4.0.tgz",
      "integrity": "sha512-ayfQe3Hc2Vd+G28NM+p6hL7YBaKOzVbCOmIfDrx5zGP9J+LOArcLFpuxMGDIbEeTznJgFk4Grrk8RdXpNz8J2A==",
      "dependencies": {
        "tsparticles-engine": "^2.4.0"
      }
    },
    "node_modules/tsparticles-plugin-easing-quad": {
      "version": "2.4.0",
      "resolved": "https://registry.npmjs.org/tsparticles-plugin-easing-quad/-/tsparticles-plugin-easing-quad-2.4.0.tgz",
      "integrity": "sha512-xgVC68T3H2t1vqsZw3VAjDDUKAdiVPTz5DaM77ZJ84T8RVq9Rdjw4D7ngJ/EiF2paVH8+1KMzTtIZ/7z4fof+A==",
      "funding": [
        {
          "type": "github",
          "url": "https://github.com/sponsors/matteobruni"
        },
        {
          "type": "buymeacoffee",
          "url": "https://www.buymeacoffee.com/matteobruni"
        }
      ],
      "dependencies": {
        "tsparticles-engine": "^2.4.0"
      }
    },
    "node_modules/tsparticles-plugin-emitters": {
      "version": "2.4.0",
      "resolved": "https://registry.npmjs.org/tsparticles-plugin-emitters/-/tsparticles-plugin-emitters-2.4.0.tgz",
      "integrity": "sha512-gsrL6qYW0Dce9XlS2EScg+AX7LitDEMvD9UI1dLuR1OQvliB/t6ZGvrxDVTlZCt41ud8idHhvn0NPGkQ+cNCCA==",
      "dependencies": {
        "tsparticles-engine": "^2.4.0"
      }
    },
    "node_modules/tsparticles-shape-circle": {
      "version": "2.4.0",
      "resolved": "https://registry.npmjs.org/tsparticles-shape-circle/-/tsparticles-shape-circle-2.4.0.tgz",
      "integrity": "sha512-CwjklKSnSkKSIiUSyD6bU5Q2C92FldbRertlNwWKh2w3CnVmHar7blTAbXaXx6KymmMwgVYukSBtEw6y2NXljw==",
      "dependencies": {
        "tsparticles-engine": "^2.4.0"
      }
    },
    "node_modules/tsparticles-shape-image": {
      "version": "2.4.0",
      "resolved": "https://registry.npmjs.org/tsparticles-shape-image/-/tsparticles-shape-image-2.4.0.tgz",
      "integrity": "sha512-RecHtS3c2oom/UKyHMqebZqcJAcackbYQTH2Nz0iceq8eh1WUMVcHZsgUQVUsj2J8/lUM00OXmjlT4bPlSK8IQ==",
      "dependencies": {
        "tsparticles-engine": "^2.4.0"
      }
    },
    "node_modules/tsparticles-shape-line": {
      "version": "2.4.0",
      "resolved": "https://registry.npmjs.org/tsparticles-shape-line/-/tsparticles-shape-line-2.4.0.tgz",
      "integrity": "sha512-bk1lKhpocTvi7Ff8etCJouGn3UtGbxeQgjK85j1IJesx4jtQMnTi2DyEjUGIwa9CRMb9tYqeHOjF3P5MDq6SoQ==",
      "dependencies": {
        "tsparticles-engine": "^2.4.0"
      }
    },
    "node_modules/tsparticles-shape-polygon": {
      "version": "2.4.0",
      "resolved": "https://registry.npmjs.org/tsparticles-shape-polygon/-/tsparticles-shape-polygon-2.4.0.tgz",
      "integrity": "sha512-OhM8vRiS5UC8+n865wn9StwT2pA8xGqPvpktYqBPdr3ukEwnpPkNMYdHAnGt8q+3mtHW02GCBW1eYNlhJK6sKQ==",
      "dependencies": {
        "tsparticles-engine": "^2.4.0"
      }
    },
    "node_modules/tsparticles-shape-square": {
      "version": "2.4.0",
      "resolved": "https://registry.npmjs.org/tsparticles-shape-square/-/tsparticles-shape-square-2.4.0.tgz",
      "integrity": "sha512-QJlUQPCMhOQj4x1mz+DT29nBgDWolQ+oko6FwIt1mkA6MtxAmEiVADH8//iPNVhBEcEJfuamucafYS4nN8byVQ==",
      "dependencies": {
        "tsparticles-engine": "^2.4.0"
      }
    },
    "node_modules/tsparticles-shape-star": {
      "version": "2.4.0",
      "resolved": "https://registry.npmjs.org/tsparticles-shape-star/-/tsparticles-shape-star-2.4.0.tgz",
      "integrity": "sha512-wioe4c3/eG2DttgPnyaFsm1aj3PnnxisvYOPMqkjDt716cjAA5GJuHyaDM/a6VRmblXkgFjKsFlcKYPsBM6vcw==",
      "dependencies": {
        "tsparticles-engine": "^2.4.0"
      }
    },
    "node_modules/tsparticles-shape-text": {
      "version": "2.4.0",
      "resolved": "https://registry.npmjs.org/tsparticles-shape-text/-/tsparticles-shape-text-2.4.0.tgz",
      "integrity": "sha512-XuPCvjA17vQaXhH+mp5jI5M/XlA4QFoW1OfAiOOU+IDB4abm3ZzXQBOsp1MWXdoy+PDf/68kcGegkxQKsZMLLQ==",
      "dependencies": {
        "tsparticles-engine": "^2.4.0"
      }
    },
    "node_modules/tsparticles-slim": {
      "version": "2.4.0",
      "resolved": "https://registry.npmjs.org/tsparticles-slim/-/tsparticles-slim-2.4.0.tgz",
      "integrity": "sha512-0s06tEUfw52MSfOeXPiZg+c74m8cjwogdDvHEiwxqkPFBGQ/OixWn2l75QBjjHi7diq7Q8zMYVt3NgO67qTyOQ==",
      "dependencies": {
        "tsparticles-engine": "^2.4.0",
        "tsparticles-interaction-external-attract": "^2.4.0",
        "tsparticles-interaction-external-bounce": "^2.4.0",
        "tsparticles-interaction-external-bubble": "^2.4.0",
        "tsparticles-interaction-external-connect": "^2.4.0",
        "tsparticles-interaction-external-grab": "^2.4.0",
        "tsparticles-interaction-external-pause": "^2.4.0",
        "tsparticles-interaction-external-push": "^2.4.0",
        "tsparticles-interaction-external-remove": "^2.4.0",
        "tsparticles-interaction-external-repulse": "^2.4.0",
        "tsparticles-interaction-external-slow": "^2.4.0",
        "tsparticles-interaction-particles-attract": "^2.4.0",
        "tsparticles-interaction-particles-collisions": "^2.4.0",
        "tsparticles-interaction-particles-links": "^2.4.0",
        "tsparticles-move-base": "^2.4.0",
        "tsparticles-move-parallax": "^2.4.0",
        "tsparticles-particles.js": "^2.4.0",
        "tsparticles-plugin-easing-quad": "^2.4.0",
        "tsparticles-shape-circle": "^2.4.0",
        "tsparticles-shape-image": "^2.4.0",
        "tsparticles-shape-line": "^2.4.0",
        "tsparticles-shape-polygon": "^2.4.0",
        "tsparticles-shape-square": "^2.4.0",
        "tsparticles-shape-star": "^2.4.0",
        "tsparticles-shape-text": "^2.4.0",
        "tsparticles-updater-angle": "^2.4.0",
        "tsparticles-updater-color": "^2.4.0",
        "tsparticles-updater-life": "^2.4.0",
        "tsparticles-updater-opacity": "^2.4.0",
        "tsparticles-updater-out-modes": "^2.4.0",
        "tsparticles-updater-size": "^2.4.0",
        "tsparticles-updater-stroke-color": "^2.4.0"
      },
      "funding": {
        "type": "github",
        "url": "https://github.com/sponsors/matteobruni"
      }
    },
    "node_modules/tsparticles-updater-angle": {
      "version": "2.4.0",
      "resolved": "https://registry.npmjs.org/tsparticles-updater-angle/-/tsparticles-updater-angle-2.4.0.tgz",
      "integrity": "sha512-LqB1FY2wj42izhudeZs08MfD5P2wx3+CSG70C0+cMswe07xxakz1zT8QqIkYGbJBLFgcLOcknhtqlahIlYTfQw==",
      "dependencies": {
        "tsparticles-engine": "^2.4.0"
      }
    },
    "node_modules/tsparticles-updater-color": {
      "version": "2.4.0",
      "resolved": "https://registry.npmjs.org/tsparticles-updater-color/-/tsparticles-updater-color-2.4.0.tgz",
      "integrity": "sha512-6MMPvj9b6hD5VXVD+mYvndRcnTxrPHd1hu915WWO0rMdquU4FKQwaI8fVakgqE9gGQWrINa6bkkYr7FCuFNvMQ==",
      "dependencies": {
        "tsparticles-engine": "^2.4.0"
      }
    },
    "node_modules/tsparticles-updater-destroy": {
      "version": "2.4.0",
      "resolved": "https://registry.npmjs.org/tsparticles-updater-destroy/-/tsparticles-updater-destroy-2.4.0.tgz",
      "integrity": "sha512-hvFqQu8hGDxqBjw1tR2dYo1FVKx9CUOHQAXe5kXiFoI3qp7q7jzQz+p/E3hpsuVuV8v3Z7j3sM5LLNLw1bhOmw==",
      "dependencies": {
        "tsparticles-engine": "^2.4.0"
      }
    },
    "node_modules/tsparticles-updater-life": {
      "version": "2.4.0",
      "resolved": "https://registry.npmjs.org/tsparticles-updater-life/-/tsparticles-updater-life-2.4.0.tgz",
      "integrity": "sha512-ouvJIkB/4TmFha8rOh2uvQxo9JQJ9MeCmtEcwy4ktm3g9HGYzbD6ZHN9148DGcMFHSkPp8rX/Y9xwbixYcF6Ng==",
      "dependencies": {
        "tsparticles-engine": "^2.4.0"
      }
    },
    "node_modules/tsparticles-updater-opacity": {
      "version": "2.4.0",
      "resolved": "https://registry.npmjs.org/tsparticles-updater-opacity/-/tsparticles-updater-opacity-2.4.0.tgz",
      "integrity": "sha512-xKnX4smjS1dwayd9ndj/0t5gMaOAj2hTgPBZEZ4mEGi1oRiIWT8n1NLiYQaG6lht8fpFehtr1R5p4Oq8iB9znA==",
      "dependencies": {
        "tsparticles-engine": "^2.4.0"
      }
    },
    "node_modules/tsparticles-updater-out-modes": {
      "version": "2.4.0",
      "resolved": "https://registry.npmjs.org/tsparticles-updater-out-modes/-/tsparticles-updater-out-modes-2.4.0.tgz",
      "integrity": "sha512-FXSAyLKD7xEiX4U7BQnVM9oLkY4O4AXDj34CxgaXswCDi3PeewJmIfMFK/yj6218dDEjwoVkbYMADm5I/b3GAw==",
      "dependencies": {
        "tsparticles-engine": "^2.4.0"
      }
    },
    "node_modules/tsparticles-updater-roll": {
      "version": "2.4.0",
      "resolved": "https://registry.npmjs.org/tsparticles-updater-roll/-/tsparticles-updater-roll-2.4.0.tgz",
      "integrity": "sha512-InmW3kd69vMlCWxMSKYt67LyX7u7JMdt7l9VyGOTPcstptT1I5z3i8B0Ea3USr+oJihBBIFJfyVKeg4/VevcBw==",
      "dependencies": {
        "tsparticles-engine": "^2.4.0"
      }
    },
    "node_modules/tsparticles-updater-size": {
      "version": "2.4.0",
      "resolved": "https://registry.npmjs.org/tsparticles-updater-size/-/tsparticles-updater-size-2.4.0.tgz",
      "integrity": "sha512-vSSUA1adVoAt3990vksC16QC2fYhgIZrVCv5qLa0iJst/B4csv1K4UVLx3JZ3pxywGgocZArd2u6GxkuJ9pdzg==",
      "dependencies": {
        "tsparticles-engine": "^2.4.0"
      }
    },
    "node_modules/tsparticles-updater-stroke-color": {
      "version": "2.4.0",
      "resolved": "https://registry.npmjs.org/tsparticles-updater-stroke-color/-/tsparticles-updater-stroke-color-2.4.0.tgz",
      "integrity": "sha512-a0YY7p6t83L3B3OduhexrqOvc2YOnPtbtY3RS29+VINS5DMai/kidvUnQQCV+Cz9OTcJv9xrlTCOU7gL2pQJ+Q==",
      "dependencies": {
        "tsparticles-engine": "^2.4.0"
      }
    },
    "node_modules/tsparticles-updater-tilt": {
      "version": "2.4.0",
      "resolved": "https://registry.npmjs.org/tsparticles-updater-tilt/-/tsparticles-updater-tilt-2.4.0.tgz",
      "integrity": "sha512-B9i3nV5rCviEYlNxAd4ui+9alGO0yKpZAe9Hu7zvK25CtLozTAAWnn1lZfpWwNIi9WqBrq4BAHBjbNMdKFD3Sw==",
      "dependencies": {
        "tsparticles-engine": "^2.4.0"
      }
    },
    "node_modules/tsparticles-updater-twinkle": {
      "version": "2.4.0",
      "resolved": "https://registry.npmjs.org/tsparticles-updater-twinkle/-/tsparticles-updater-twinkle-2.4.0.tgz",
      "integrity": "sha512-Wbx1XbxzLIUmv7FZ114XaXHA067KbUo6yFmYfXfrEI9DwS5xlJ25kj0Zj4vavXMbAv5naQkAliI1ocRHq6Df4g==",
      "dependencies": {
        "tsparticles-engine": "^2.4.0"
      }
    },
    "node_modules/tsparticles-updater-wobble": {
      "version": "2.4.0",
      "resolved": "https://registry.npmjs.org/tsparticles-updater-wobble/-/tsparticles-updater-wobble-2.4.0.tgz",
      "integrity": "sha512-VL4vh5Bri21j49xWXT8VBQgc+Pu1pKQ3Iq3840oX9dexZGB8X5p6BYjvJ3HWgWELqAmaiMAW4Yc6AsykeoiUOQ==",
      "dependencies": {
        "tsparticles-engine": "^2.4.0"
      }
    },
    "node_modules/vary": {
      "version": "1.1.2",
      "resolved": "https://registry.npmjs.org/vary/-/vary-1.1.2.tgz",
      "integrity": "sha512-BNGbWLfd0eUPabhkXUVm0j8uuvREyTh5ovRa/dyow/BqAbZJyC+5fU+IzQOzmAKzYqYRAISoRhdQr3eIZ/PXqg==",
      "engines": {
        "node": ">= 0.8"
      }
    }
  },
  "dependencies": {
    "cors": {
      "version": "2.8.5",
      "resolved": "https://registry.npmjs.org/cors/-/cors-2.8.5.tgz",
      "integrity": "sha512-KIHbLJqu73RGr/hnbrO9uBeixNGuvSQjul/jdFvS/KFSIH1hWVd1ng7zOHx+YrEfInLG7q4n6GHQ9cDtxv/P6g==",
      "requires": {
        "object-assign": "^4",
        "vary": "^1"
      }
    },
    "fast-deep-equal": {
      "version": "3.1.3",
      "resolved": "https://registry.npmjs.org/fast-deep-equal/-/fast-deep-equal-3.1.3.tgz",
      "integrity": "sha512-f3qQ9oQy9j2AhBe/H9VC91wLmKBCCU/gDOnKNAYG5hswO7BLKj09Hc5HYNz9cGI++xlpDCIgDaitVs03ATR84Q=="
    },
    "js-tokens": {
      "version": "4.0.0",
      "resolved": "https://registry.npmjs.org/js-tokens/-/js-tokens-4.0.0.tgz",
      "integrity": "sha512-RdJUflcE3cUzKiMqQgsCu06FPu9UdIJO0beYbPhHN4k6apgJtifcoCtT9bcxOpYBtpD2kCM6Sbzg4CausW/PKQ==",
      "peer": true
    },
    "loose-envify": {
      "version": "1.4.0",
      "resolved": "https://registry.npmjs.org/loose-envify/-/loose-envify-1.4.0.tgz",
      "integrity": "sha512-lyuxPGr/Wfhrlem2CL/UcnUc1zcqKAImBDzukY7Y5F/yQiNdko6+fRLevlw1HgMySw7f611UIY408EtxRSoK3Q==",
      "peer": true,
      "requires": {
        "js-tokens": "^3.0.0 || ^4.0.0"
      }
    },
    "object-assign": {
      "version": "4.1.1",
      "resolved": "https://registry.npmjs.org/object-assign/-/object-assign-4.1.1.tgz",
      "integrity": "sha512-rJgTQnkUnH1sFw8yT6VSU3zD3sWmu6sZhIseY8VX+GRu3P6F7Fu+JNDoXfklElbLJSnc3FUQHVe4cU5hj+BcUg=="
    },
    "react": {
      "version": "18.2.0",
      "resolved": "https://registry.npmjs.org/react/-/react-18.2.0.tgz",
      "integrity": "sha512-/3IjMdb2L9QbBdWiW5e3P2/npwMBaU9mHCSCUzNln0ZCYbcfTsGbTJrU/kGemdH2IWmB2ioZ+zkxtmq6g09fGQ==",
      "peer": true,
      "requires": {
        "loose-envify": "^1.1.0"
      }
    },
    "react-tsparticles": {
      "version": "2.4.0",
      "resolved": "https://registry.npmjs.org/react-tsparticles/-/react-tsparticles-2.4.0.tgz",
      "integrity": "sha512-gvcPmtsRsk+laGyjWAeBl3AQsEOdCzhhzYXVeM4yRpiW3eNDiOdUxDjusCsmShRNY83hzZyJtYu5P8uYc3s3iA==",
      "requires": {
        "fast-deep-equal": "^3.1.3",
        "tsparticles-engine": "^2.4.0"
      }
    },
    "tsparticles": {
      "version": "2.4.0",
      "resolved": "https://registry.npmjs.org/tsparticles/-/tsparticles-2.4.0.tgz",
      "integrity": "sha512-U6G31kbOvRb5jzG72oLVunmpDqbhUZLBqExeej+NUX1IXqx6GWyU2w4SQN81LKbKBCAISwLWQzWxOce0nAedfw==",
      "requires": {
        "tsparticles-engine": "^2.4.0",
        "tsparticles-interaction-external-trail": "^2.4.0",
        "tsparticles-plugin-absorbers": "^2.4.0",
        "tsparticles-plugin-emitters": "^2.4.0",
        "tsparticles-slim": "^2.4.0",
        "tsparticles-updater-destroy": "^2.4.0",
        "tsparticles-updater-roll": "^2.4.0",
        "tsparticles-updater-tilt": "^2.4.0",
        "tsparticles-updater-twinkle": "^2.4.0",
        "tsparticles-updater-wobble": "^2.4.0"
      }
    },
    "tsparticles-engine": {
      "version": "2.4.0",
      "resolved": "https://registry.npmjs.org/tsparticles-engine/-/tsparticles-engine-2.4.0.tgz",
      "integrity": "sha512-hwg52ya7PpNfKJzXezY3Pq4gzGOmDW5AQrhdLhbot1ongUhuhTQzB2oG82OpMhorPUDUY851iDOjpl16+Gnd0g=="
    },
    "tsparticles-interaction-external-attract": {
      "version": "2.4.0",
      "resolved": "https://registry.npmjs.org/tsparticles-interaction-external-attract/-/tsparticles-interaction-external-attract-2.4.0.tgz",
      "integrity": "sha512-4agSVclj+1xXZR3KJqHtSEe985LvH/K5fNMnvHMWvCc0s88srICEKP1naO6ghCON7OGsL8XPo3P4f54mTlkmFA==",
      "requires": {
        "tsparticles-engine": "^2.4.0"
      }
    },
    "tsparticles-interaction-external-bounce": {
      "version": "2.4.0",
      "resolved": "https://registry.npmjs.org/tsparticles-interaction-external-bounce/-/tsparticles-interaction-external-bounce-2.4.0.tgz",
      "integrity": "sha512-Bfrfww4TxENbJqSoC2V/4f01allqUz6zIpv+OTEJXbE1ZO/z5X1/ouP4uv1FxX4CoIxiHzgnZGikaYsEYf73oQ==",
      "requires": {
        "tsparticles-engine": "^2.4.0"
      }
    },
    "tsparticles-interaction-external-bubble": {
      "version": "2.4.0",
      "resolved": "https://registry.npmjs.org/tsparticles-interaction-external-bubble/-/tsparticles-interaction-external-bubble-2.4.0.tgz",
      "integrity": "sha512-w8pfnuv/LkVVes8uumNfJSWXq8GACTL/77R8VM22cBGkBFxkrwM/i8zIgPZC6DkyqppVOpH8gydzbfpVYJMLFQ==",
      "requires": {
        "tsparticles-engine": "^2.4.0"
      }
    },
    "tsparticles-interaction-external-connect": {
      "version": "2.4.0",
      "resolved": "https://registry.npmjs.org/tsparticles-interaction-external-connect/-/tsparticles-interaction-external-connect-2.4.0.tgz",
      "integrity": "sha512-W/JdpbFhQ7zwnnQwwtaCHPLKWjcMxvY4hteCJt1qHGFoZbj+2kbTgxyzUkrOOgG/8Iuk7zYO0zQpQILhHetvUA==",
      "requires": {
        "tsparticles-engine": "^2.4.0"
      }
    },
    "tsparticles-interaction-external-grab": {
      "version": "2.4.0",
      "resolved": "https://registry.npmjs.org/tsparticles-interaction-external-grab/-/tsparticles-interaction-external-grab-2.4.0.tgz",
      "integrity": "sha512-zAy0ZLUkU3oYa77cqfkn8Jd4SJR700t6xxLbkE/yE5nY5V76BBMAmbhz0c4guCmqDTaJsHvVC8ASGqnsQbnYww==",
      "requires": {
        "tsparticles-engine": "^2.4.0"
      }
    },
    "tsparticles-interaction-external-pause": {
      "version": "2.4.0",
      "resolved": "https://registry.npmjs.org/tsparticles-interaction-external-pause/-/tsparticles-interaction-external-pause-2.4.0.tgz",
      "integrity": "sha512-I/8oX58PMMi04WSNpzWjx/bN/+wSOprPZ8xdwygYwlc7QHgarTjtAdT3p1nJH7nkdXLuZDxz9/maoOUx6VatqA==",
      "requires": {
        "tsparticles-engine": "^2.4.0"
      }
    },
    "tsparticles-interaction-external-push": {
      "version": "2.4.0",
      "resolved": "https://registry.npmjs.org/tsparticles-interaction-external-push/-/tsparticles-interaction-external-push-2.4.0.tgz",
      "integrity": "sha512-6bH1USJNlubbHXjg4FNwb4DNh2OP6wFzUVIQz1HAYaiDzJuFjgGbq6jfjUFbt1ryWVEdMrCLLl4cA21W+KxCKA==",
      "requires": {
        "tsparticles-engine": "^2.4.0"
      }
    },
    "tsparticles-interaction-external-remove": {
      "version": "2.4.0",
      "resolved": "https://registry.npmjs.org/tsparticles-interaction-external-remove/-/tsparticles-interaction-external-remove-2.4.0.tgz",
      "integrity": "sha512-OM8xBoDArECi+XknsnWX9l9ZxRNYcO0wf1TOuKyFzwO+u03JQHyWiF/IlKSO6iF7rLQo9iYJ+4Ol0KeLlxKLfQ==",
      "requires": {
        "tsparticles-engine": "^2.4.0"
      }
    },
    "tsparticles-interaction-external-repulse": {
      "version": "2.4.0",
      "resolved": "https://registry.npmjs.org/tsparticles-interaction-external-repulse/-/tsparticles-interaction-external-repulse-2.4.0.tgz",
      "integrity": "sha512-aDTGVrANdKyYcOXh7QittRLluRLwEA35yV0VluTd0jSOfJcWpaNgXlpnaLpdTPcjWrbyxpcEh7c57EjlYTA/zg==",
      "requires": {
        "tsparticles-engine": "^2.4.0"
      }
    },
    "tsparticles-interaction-external-slow": {
      "version": "2.4.0",
      "resolved": "https://registry.npmjs.org/tsparticles-interaction-external-slow/-/tsparticles-interaction-external-slow-2.4.0.tgz",
      "integrity": "sha512-ucGDliOuhNOCtKGR6bY9h9FeaHZ9JzTJRME1vvtHoBTSkm75LZROtP5UzjOMA9WAvAG+6ecZvF2OIWso2yOqbg==",
      "requires": {
        "tsparticles-engine": "^2.4.0"
      }
    },
    "tsparticles-interaction-external-trail": {
      "version": "2.4.0",
      "resolved": "https://registry.npmjs.org/tsparticles-interaction-external-trail/-/tsparticles-interaction-external-trail-2.4.0.tgz",
      "integrity": "sha512-I481lidi+W0HhE2Besmh0D/3A38bP89DLLiTCS6MJhRXbUvgZJcrOevlooXLnIlLC/fQPlap0CRld9DNL4Fibw==",
      "requires": {
        "tsparticles-engine": "^2.4.0"
      }
    },
    "tsparticles-interaction-particles-attract": {
      "version": "2.4.0",
      "resolved": "https://registry.npmjs.org/tsparticles-interaction-particles-attract/-/tsparticles-interaction-particles-attract-2.4.0.tgz",
      "integrity": "sha512-Nih2PO2URs7zwbR5xHcGykYyBANWM/LaA5a3NKci+aYm57uGbVuzhXqlWRQACPw/B9JTQLdAdRkLjG2ryeWsRg==",
      "requires": {
        "tsparticles-engine": "^2.4.0"
      }
    },
    "tsparticles-interaction-particles-collisions": {
      "version": "2.4.0",
      "resolved": "https://registry.npmjs.org/tsparticles-interaction-particles-collisions/-/tsparticles-interaction-particles-collisions-2.4.0.tgz",
      "integrity": "sha512-PkWRd1zfctdTzE7UzEvgWsjGSRpm/2tR5HMqD+TkUgvTewvSzIlQ8PwP75gunAaOSZlsN4LR9usylQnnHUuHfA==",
      "requires": {
        "tsparticles-engine": "^2.4.0"
      }
    },
    "tsparticles-interaction-particles-links": {
      "version": "2.4.0",
      "resolved": "https://registry.npmjs.org/tsparticles-interaction-particles-links/-/tsparticles-interaction-particles-links-2.4.0.tgz",
      "integrity": "sha512-eNJmDHAw9gfJS2wgGnrLRIAEKr0H8kwMsKcIdju4xU6Jqneh8bXwNYB1z3WF46ak1Sd3x6chRywHoM7U4E5wnw==",
      "requires": {
        "tsparticles-engine": "^2.4.0"
      }
    },
    "tsparticles-move-base": {
      "version": "2.4.0",
      "resolved": "https://registry.npmjs.org/tsparticles-move-base/-/tsparticles-move-base-2.4.0.tgz",
      "integrity": "sha512-3VWdzpvalmF2Hm1W39PIn9CkwiyHaLHhNDLECqm42iT4xvqaf7/Sc6upklyL2bSLy1N8MyNlqu7xTwoJEvXQyQ==",
      "requires": {
        "tsparticles-engine": "^2.4.0"
      }
    },
    "tsparticles-move-parallax": {
      "version": "2.4.0",
      "resolved": "https://registry.npmjs.org/tsparticles-move-parallax/-/tsparticles-move-parallax-2.4.0.tgz",
      "integrity": "sha512-VJ1AvRCTf8ALlk5Xwbyg2k680pd02xfay4w1CdWGrGwqTkKAnTwiEw6WoVVb8LmmkI33Dz7VnliT8azzvqCm4Q==",
      "requires": {
        "tsparticles-engine": "^2.4.0"
      }
    },
    "tsparticles-particles.js": {
      "version": "2.4.0",
      "resolved": "https://registry.npmjs.org/tsparticles-particles.js/-/tsparticles-particles.js-2.4.0.tgz",
      "integrity": "sha512-nXFY0xF0oax2aKAhsKMQs+OmhGBbwV1kR7s28WK2RDT1p6DAtK8yHkCq+K3JBSgzsehUGzAvMh8TTKjyzTyK0g==",
      "requires": {
        "tsparticles-engine": "^2.4.0"
      }
    },
    "tsparticles-plugin-absorbers": {
      "version": "2.4.0",
      "resolved": "https://registry.npmjs.org/tsparticles-plugin-absorbers/-/tsparticles-plugin-absorbers-2.4.0.tgz",
      "integrity": "sha512-ayfQe3Hc2Vd+G28NM+p6hL7YBaKOzVbCOmIfDrx5zGP9J+LOArcLFpuxMGDIbEeTznJgFk4Grrk8RdXpNz8J2A==",
      "requires": {
        "tsparticles-engine": "^2.4.0"
      }
    },
    "tsparticles-plugin-easing-quad": {
      "version": "2.4.0",
      "resolved": "https://registry.npmjs.org/tsparticles-plugin-easing-quad/-/tsparticles-plugin-easing-quad-2.4.0.tgz",
      "integrity": "sha512-xgVC68T3H2t1vqsZw3VAjDDUKAdiVPTz5DaM77ZJ84T8RVq9Rdjw4D7ngJ/EiF2paVH8+1KMzTtIZ/7z4fof+A==",
      "requires": {
        "tsparticles-engine": "^2.4.0"
      }
    },
    "tsparticles-plugin-emitters": {
      "version": "2.4.0",
      "resolved": "https://registry.npmjs.org/tsparticles-plugin-emitters/-/tsparticles-plugin-emitters-2.4.0.tgz",
      "integrity": "sha512-gsrL6qYW0Dce9XlS2EScg+AX7LitDEMvD9UI1dLuR1OQvliB/t6ZGvrxDVTlZCt41ud8idHhvn0NPGkQ+cNCCA==",
      "requires": {
        "tsparticles-engine": "^2.4.0"
      }
    },
    "tsparticles-shape-circle": {
      "version": "2.4.0",
      "resolved": "https://registry.npmjs.org/tsparticles-shape-circle/-/tsparticles-shape-circle-2.4.0.tgz",
      "integrity": "sha512-CwjklKSnSkKSIiUSyD6bU5Q2C92FldbRertlNwWKh2w3CnVmHar7blTAbXaXx6KymmMwgVYukSBtEw6y2NXljw==",
      "requires": {
        "tsparticles-engine": "^2.4.0"
      }
    },
    "tsparticles-shape-image": {
      "version": "2.4.0",
      "resolved": "https://registry.npmjs.org/tsparticles-shape-image/-/tsparticles-shape-image-2.4.0.tgz",
      "integrity": "sha512-RecHtS3c2oom/UKyHMqebZqcJAcackbYQTH2Nz0iceq8eh1WUMVcHZsgUQVUsj2J8/lUM00OXmjlT4bPlSK8IQ==",
      "requires": {
        "tsparticles-engine": "^2.4.0"
      }
    },
    "tsparticles-shape-line": {
      "version": "2.4.0",
      "resolved": "https://registry.npmjs.org/tsparticles-shape-line/-/tsparticles-shape-line-2.4.0.tgz",
      "integrity": "sha512-bk1lKhpocTvi7Ff8etCJouGn3UtGbxeQgjK85j1IJesx4jtQMnTi2DyEjUGIwa9CRMb9tYqeHOjF3P5MDq6SoQ==",
      "requires": {
        "tsparticles-engine": "^2.4.0"
      }
    },
    "tsparticles-shape-polygon": {
      "version": "2.4.0",
      "resolved": "https://registry.npmjs.org/tsparticles-shape-polygon/-/tsparticles-shape-polygon-2.4.0.tgz",
      "integrity": "sha512-OhM8vRiS5UC8+n865wn9StwT2pA8xGqPvpktYqBPdr3ukEwnpPkNMYdHAnGt8q+3mtHW02GCBW1eYNlhJK6sKQ==",
      "requires": {
        "tsparticles-engine": "^2.4.0"
      }
    },
    "tsparticles-shape-square": {
      "version": "2.4.0",
      "resolved": "https://registry.npmjs.org/tsparticles-shape-square/-/tsparticles-shape-square-2.4.0.tgz",
      "integrity": "sha512-QJlUQPCMhOQj4x1mz+DT29nBgDWolQ+oko6FwIt1mkA6MtxAmEiVADH8//iPNVhBEcEJfuamucafYS4nN8byVQ==",
      "requires": {
        "tsparticles-engine": "^2.4.0"
      }
    },
    "tsparticles-shape-star": {
      "version": "2.4.0",
      "resolved": "https://registry.npmjs.org/tsparticles-shape-star/-/tsparticles-shape-star-2.4.0.tgz",
      "integrity": "sha512-wioe4c3/eG2DttgPnyaFsm1aj3PnnxisvYOPMqkjDt716cjAA5GJuHyaDM/a6VRmblXkgFjKsFlcKYPsBM6vcw==",
      "requires": {
        "tsparticles-engine": "^2.4.0"
      }
    },
    "tsparticles-shape-text": {
      "version": "2.4.0",
      "resolved": "https://registry.npmjs.org/tsparticles-shape-text/-/tsparticles-shape-text-2.4.0.tgz",
      "integrity": "sha512-XuPCvjA17vQaXhH+mp5jI5M/XlA4QFoW1OfAiOOU+IDB4abm3ZzXQBOsp1MWXdoy+PDf/68kcGegkxQKsZMLLQ==",
      "requires": {
        "tsparticles-engine": "^2.4.0"
      }
    },
    "tsparticles-slim": {
      "version": "2.4.0",
      "resolved": "https://registry.npmjs.org/tsparticles-slim/-/tsparticles-slim-2.4.0.tgz",
      "integrity": "sha512-0s06tEUfw52MSfOeXPiZg+c74m8cjwogdDvHEiwxqkPFBGQ/OixWn2l75QBjjHi7diq7Q8zMYVt3NgO67qTyOQ==",
      "requires": {
        "tsparticles-engine": "^2.4.0",
        "tsparticles-interaction-external-attract": "^2.4.0",
        "tsparticles-interaction-external-bounce": "^2.4.0",
        "tsparticles-interaction-external-bubble": "^2.4.0",
        "tsparticles-interaction-external-connect": "^2.4.0",
        "tsparticles-interaction-external-grab": "^2.4.0",
        "tsparticles-interaction-external-pause": "^2.4.0",
        "tsparticles-interaction-external-push": "^2.4.0",
        "tsparticles-interaction-external-remove": "^2.4.0",
        "tsparticles-interaction-external-repulse": "^2.4.0",
        "tsparticles-interaction-external-slow": "^2.4.0",
        "tsparticles-interaction-particles-attract": "^2.4.0",
        "tsparticles-interaction-particles-collisions": "^2.4.0",
        "tsparticles-interaction-particles-links": "^2.4.0",
        "tsparticles-move-base": "^2.4.0",
        "tsparticles-move-parallax": "^2.4.0",
        "tsparticles-particles.js": "^2.4.0",
        "tsparticles-plugin-easing-quad": "^2.4.0",
        "tsparticles-shape-circle": "^2.4.0",
        "tsparticles-shape-image": "^2.4.0",
        "tsparticles-shape-line": "^2.4.0",
        "tsparticles-shape-polygon": "^2.4.0",
        "tsparticles-shape-square": "^2.4.0",
        "tsparticles-shape-star": "^2.4.0",
        "tsparticles-shape-text": "^2.4.0",
        "tsparticles-updater-angle": "^2.4.0",
        "tsparticles-updater-color": "^2.4.0",
        "tsparticles-updater-life": "^2.4.0",
        "tsparticles-updater-opacity": "^2.4.0",
        "tsparticles-updater-out-modes": "^2.4.0",
        "tsparticles-updater-size": "^2.4.0",
        "tsparticles-updater-stroke-color": "^2.4.0"
      }
    },
    "tsparticles-updater-angle": {
      "version": "2.4.0",
      "resolved": "https://registry.npmjs.org/tsparticles-updater-angle/-/tsparticles-updater-angle-2.4.0.tgz",
      "integrity": "sha512-LqB1FY2wj42izhudeZs08MfD5P2wx3+CSG70C0+cMswe07xxakz1zT8QqIkYGbJBLFgcLOcknhtqlahIlYTfQw==",
      "requires": {
        "tsparticles-engine": "^2.4.0"
      }
    },
    "tsparticles-updater-color": {
      "version": "2.4.0",
      "resolved": "https://registry.npmjs.org/tsparticles-updater-color/-/tsparticles-updater-color-2.4.0.tgz",
      "integrity": "sha512-6MMPvj9b6hD5VXVD+mYvndRcnTxrPHd1hu915WWO0rMdquU4FKQwaI8fVakgqE9gGQWrINa6bkkYr7FCuFNvMQ==",
      "requires": {
        "tsparticles-engine": "^2.4.0"
      }
    },
    "tsparticles-updater-destroy": {
      "version": "2.4.0",
      "resolved": "https://registry.npmjs.org/tsparticles-updater-destroy/-/tsparticles-updater-destroy-2.4.0.tgz",
      "integrity": "sha512-hvFqQu8hGDxqBjw1tR2dYo1FVKx9CUOHQAXe5kXiFoI3qp7q7jzQz+p/E3hpsuVuV8v3Z7j3sM5LLNLw1bhOmw==",
      "requires": {
        "tsparticles-engine": "^2.4.0"
      }
    },
    "tsparticles-updater-life": {
      "version": "2.4.0",
      "resolved": "https://registry.npmjs.org/tsparticles-updater-life/-/tsparticles-updater-life-2.4.0.tgz",
      "integrity": "sha512-ouvJIkB/4TmFha8rOh2uvQxo9JQJ9MeCmtEcwy4ktm3g9HGYzbD6ZHN9148DGcMFHSkPp8rX/Y9xwbixYcF6Ng==",
      "requires": {
        "tsparticles-engine": "^2.4.0"
      }
    },
    "tsparticles-updater-opacity": {
      "version": "2.4.0",
      "resolved": "https://registry.npmjs.org/tsparticles-updater-opacity/-/tsparticles-updater-opacity-2.4.0.tgz",
      "integrity": "sha512-xKnX4smjS1dwayd9ndj/0t5gMaOAj2hTgPBZEZ4mEGi1oRiIWT8n1NLiYQaG6lht8fpFehtr1R5p4Oq8iB9znA==",
      "requires": {
        "tsparticles-engine": "^2.4.0"
      }
    },
    "tsparticles-updater-out-modes": {
      "version": "2.4.0",
      "resolved": "https://registry.npmjs.org/tsparticles-updater-out-modes/-/tsparticles-updater-out-modes-2.4.0.tgz",
      "integrity": "sha512-FXSAyLKD7xEiX4U7BQnVM9oLkY4O4AXDj34CxgaXswCDi3PeewJmIfMFK/yj6218dDEjwoVkbYMADm5I/b3GAw==",
      "requires": {
        "tsparticles-engine": "^2.4.0"
      }
    },
    "tsparticles-updater-roll": {
      "version": "2.4.0",
      "resolved": "https://registry.npmjs.org/tsparticles-updater-roll/-/tsparticles-updater-roll-2.4.0.tgz",
      "integrity": "sha512-InmW3kd69vMlCWxMSKYt67LyX7u7JMdt7l9VyGOTPcstptT1I5z3i8B0Ea3USr+oJihBBIFJfyVKeg4/VevcBw==",
      "requires": {
        "tsparticles-engine": "^2.4.0"
      }
    },
    "tsparticles-updater-size": {
      "version": "2.4.0",
      "resolved": "https://registry.npmjs.org/tsparticles-updater-size/-/tsparticles-updater-size-2.4.0.tgz",
      "integrity": "sha512-vSSUA1adVoAt3990vksC16QC2fYhgIZrVCv5qLa0iJst/B4csv1K4UVLx3JZ3pxywGgocZArd2u6GxkuJ9pdzg==",
      "requires": {
        "tsparticles-engine": "^2.4.0"
      }
    },
    "tsparticles-updater-stroke-color": {
      "version": "2.4.0",
      "resolved": "https://registry.npmjs.org/tsparticles-updater-stroke-color/-/tsparticles-updater-stroke-color-2.4.0.tgz",
      "integrity": "sha512-a0YY7p6t83L3B3OduhexrqOvc2YOnPtbtY3RS29+VINS5DMai/kidvUnQQCV+Cz9OTcJv9xrlTCOU7gL2pQJ+Q==",
      "requires": {
        "tsparticles-engine": "^2.4.0"
      }
    },
    "tsparticles-updater-tilt": {
      "version": "2.4.0",
      "resolved": "https://registry.npmjs.org/tsparticles-updater-tilt/-/tsparticles-updater-tilt-2.4.0.tgz",
      "integrity": "sha512-B9i3nV5rCviEYlNxAd4ui+9alGO0yKpZAe9Hu7zvK25CtLozTAAWnn1lZfpWwNIi9WqBrq4BAHBjbNMdKFD3Sw==",
      "requires": {
        "tsparticles-engine": "^2.4.0"
      }
    },
    "tsparticles-updater-twinkle": {
      "version": "2.4.0",
      "resolved": "https://registry.npmjs.org/tsparticles-updater-twinkle/-/tsparticles-updater-twinkle-2.4.0.tgz",
      "integrity": "sha512-Wbx1XbxzLIUmv7FZ114XaXHA067KbUo6yFmYfXfrEI9DwS5xlJ25kj0Zj4vavXMbAv5naQkAliI1ocRHq6Df4g==",
      "requires": {
        "tsparticles-engine": "^2.4.0"
      }
    },
    "tsparticles-updater-wobble": {
      "version": "2.4.0",
      "resolved": "https://registry.npmjs.org/tsparticles-updater-wobble/-/tsparticles-updater-wobble-2.4.0.tgz",
      "integrity": "sha512-VL4vh5Bri21j49xWXT8VBQgc+Pu1pKQ3Iq3840oX9dexZGB8X5p6BYjvJ3HWgWELqAmaiMAW4Yc6AsykeoiUOQ==",
      "requires": {
        "tsparticles-engine": "^2.4.0"
      }
    },
    "vary": {
      "version": "1.1.2",
      "resolved": "https://registry.npmjs.org/vary/-/vary-1.1.2.tgz",
      "integrity": "sha512-BNGbWLfd0eUPabhkXUVm0j8uuvREyTh5ovRa/dyow/BqAbZJyC+5fU+IzQOzmAKzYqYRAISoRhdQr3eIZ/PXqg=="
    }
  }
}
